
Microsoft Visual Studio Solution File, Format Version 12.00
# Visual Studio Version 17
VisualStudioVersion = 17.10.34928.147
MinimumVisualStudioVersion = 10.0.40219.1
Project("{FAE04EC0-301F-11D3-BF4B-00C04F79EFBC}") = "DecompilerApp", "DecompilerApp.csproj", "{B51DC903-3EA2-479F-A2EA-C55C9279A5A5}"
EndProject
Global
	GlobalSection(SolutionConfigurationPlatforms) = preSolution
		Debug|Any CPU = Debug|Any CPU
		Release|Any CPU = Release|Any CPU
	EndGlobalSection
	GlobalSection(ProjectConfigurationPlatforms) = postSolution
		{B51DC903-3EA2-479F-A2EA-C55C9279A5A5}.Debug|Any CPU.ActiveCfg = Debug|Any CPU
		{B51DC903-3EA2-479F-A2EA-C55C9279A5A5}.Debug|Any CPU.Build.0 = Debug|Any CPU
		{B51DC903-3EA2-479F-A2EA-C55C9279A5A5}.Release|Any CPU.ActiveCfg = Release|Any CPU
		{B51DC903-3EA2-479F-A2EA-C55C9279A5A5}.Release|Any CPU.Build.0 = Release|Any CPU
	EndGlobalSection
	GlobalSection(SolutionProperties) = preSolution
		HideSolutionNode = FALSE
	EndGlobalSection
	GlobalSection(ExtensibilityGlobals) = postSolution
		SolutionGuid = {BF864215-54BD-4F8C-AB17-45E808FB123B}
	EndGlobalSection
EndGlobal
